// !$*UTF8*$!
{
	archiveVersion = 1;
	classes = {
	};
	objectVersion = 56;
	objects = {

/* Begin PBXBuildFile section */
		CE13E45929C4FC5800913CC2 /* ProductCategoriesCollectionViewModel.swift in Sources */ = {isa = PBXBuildFile; fileRef = CE13E45829C4FC5800913CC2 /* ProductCategoriesCollectionViewModel.swift */; };
		CE13E45B29C5011700913CC2 /* SaleProductsCollectionViewCell.swift in Sources */ = {isa = PBXBuildFile; fileRef = CE13E45A29C5011700913CC2 /* SaleProductsCollectionViewCell.swift */; };
		CE13E45D29C50BE200913CC2 /* LatestDeals.swift in Sources */ = {isa = PBXBuildFile; fileRef = CE13E45C29C50BE200913CC2 /* LatestDeals.swift */; };
		CE13E45F29C50BEE00913CC2 /* SaleProducts.swift in Sources */ = {isa = PBXBuildFile; fileRef = CE13E45E29C50BEE00913CC2 /* SaleProducts.swift */; };
		CE13E46529C8D75400913CC2 /* Router.swift in Sources */ = {isa = PBXBuildFile; fileRef = CE13E46429C8D75400913CC2 /* Router.swift */; };
		CE13E46829C9B35700913CC2 /* Realm in Frameworks */ = {isa = PBXBuildFile; productRef = CE13E46729C9B35700913CC2 /* Realm */; };
		CE13E46A29C9B35700913CC2 /* RealmSwift in Frameworks */ = {isa = PBXBuildFile; productRef = CE13E46929C9B35700913CC2 /* RealmSwift */; };
		CE13E46C29C9B41F00913CC2 /* User.swift in Sources */ = {isa = PBXBuildFile; fileRef = CE13E46B29C9B41F00913CC2 /* User.swift */; };
		CE13E46E29C9B68100913CC2 /* UserManager.swift in Sources */ = {isa = PBXBuildFile; fileRef = CE13E46D29C9B68100913CC2 /* UserManager.swift */; };
		CE81ECF829C9F91500A1AB42 /* String+Extension.swift in Sources */ = {isa = PBXBuildFile; fileRef = CE81ECF729C9F91500A1AB42 /* String+Extension.swift */; };
		CE81ECFA29C9FBD000A1AB42 /* UIViewController+Extension.swift in Sources */ = {isa = PBXBuildFile; fileRef = CE81ECF929C9FBD000A1AB42 /* UIViewController+Extension.swift */; };
		CE81ECFC29CAE1D600A1AB42 /* SearchBarView.swift in Sources */ = {isa = PBXBuildFile; fileRef = CE81ECFB29CAE1D600A1AB42 /* SearchBarView.swift */; };
		CE81ECFE29CAE83D00A1AB42 /* HomeNavigationBarRightItem.swift in Sources */ = {isa = PBXBuildFile; fileRef = CE81ECFD29CAE83D00A1AB42 /* HomeNavigationBarRightItem.swift */; };
		CE81ED0229CB461600A1AB42 /* HomeCustomNavigationBar.swift in Sources */ = {isa = PBXBuildFile; fileRef = CE81ED0129CB461600A1AB42 /* HomeCustomNavigationBar.swift */; };
		CEE56BAE29C0BE1D00A9C92E /* UITableView+Extension.swift in Sources */ = {isa = PBXBuildFile; fileRef = CEE56BAD29C0BE1D00A9C92E /* UITableView+Extension.swift */; };
		CEE56BB029C1C6BE00A9C92E /* TabBarController.swift in Sources */ = {isa = PBXBuildFile; fileRef = CEE56BAF29C1C6BE00A9C92E /* TabBarController.swift */; };
		CEE56BB329C1CB0B00A9C92E /* HomeViewController.swift in Sources */ = {isa = PBXBuildFile; fileRef = CEE56BB229C1CB0B00A9C92E /* HomeViewController.swift */; };
		CEE56BB529C1CED000A9C92E /* SoonViewControllers.swift in Sources */ = {isa = PBXBuildFile; fileRef = CEE56BB429C1CED000A9C92E /* SoonViewControllers.swift */; };
		CEE56BBA29C304DD00A9C92E /* ProfileItemsViewModel.swift in Sources */ = {isa = PBXBuildFile; fileRef = CEE56BB929C304DD00A9C92E /* ProfileItemsViewModel.swift */; };
		CEE56BBF29C34D6900A9C92E /* BlueButton .swift in Sources */ = {isa = PBXBuildFile; fileRef = CEE56BBE29C34D6900A9C92E /* BlueButton .swift */; };
		CEE56BC129C3543E00A9C92E /* NavigationController.swift in Sources */ = {isa = PBXBuildFile; fileRef = CEE56BC029C3543E00A9C92E /* NavigationController.swift */; };
		CEE56BC329C355F800A9C92E /* HomeView.swift in Sources */ = {isa = PBXBuildFile; fileRef = CEE56BC229C355F800A9C92E /* HomeView.swift */; };
		CEE56BC529C356BD00A9C92E /* LatestProductsCollectionViewCell.swift in Sources */ = {isa = PBXBuildFile; fileRef = CEE56BC429C356BD00A9C92E /* LatestProductsCollectionViewCell.swift */; };
		CEE56BC729C47F9D00A9C92E /* ProductCategoryView.swift in Sources */ = {isa = PBXBuildFile; fileRef = CEE56BC629C47F9D00A9C92E /* ProductCategoryView.swift */; };
		CEE56BCA29C4983800A9C92E /* ProductCategoriesCollectionViewCell.swift in Sources */ = {isa = PBXBuildFile; fileRef = CEE56BC929C4983800A9C92E /* ProductCategoriesCollectionViewCell.swift */; };
		CEE56BCC29C4CB0500A9C92E /* UICollectionView+Extension.swift in Sources */ = {isa = PBXBuildFile; fileRef = CEE56BCB29C4CB0500A9C92E /* UICollectionView+Extension.swift */; };
		CEEC196729BB6BA9000FF930 /* AppDelegate.swift in Sources */ = {isa = PBXBuildFile; fileRef = CEEC196629BB6BA9000FF930 /* AppDelegate.swift */; };
		CEEC197029BB6BB0000FF930 /* Assets.xcassets in Resources */ = {isa = PBXBuildFile; fileRef = CEEC196F29BB6BB0000FF930 /* Assets.xcassets */; };
		CEEC197329BB6BB0000FF930 /* LaunchScreen.storyboard in Resources */ = {isa = PBXBuildFile; fileRef = CEEC197129BB6BB0000FF930 /* LaunchScreen.storyboard */; };
		CEEC197B29BB73D6000FF930 /* LogInViewController.swift in Sources */ = {isa = PBXBuildFile; fileRef = CEEC197A29BB73D6000FF930 /* LogInViewController.swift */; };
		CEEC197D29BB7AAA000FF930 /* LogInView.swift in Sources */ = {isa = PBXBuildFile; fileRef = CEEC197C29BB7AAA000FF930 /* LogInView.swift */; };
		CEEC197F29BB7D0A000FF930 /* TextFieldView.swift in Sources */ = {isa = PBXBuildFile; fileRef = CEEC197E29BB7D0A000FF930 /* TextFieldView.swift */; };
		CEEC198129BB8173000FF930 /* Colors+Extension.swift in Sources */ = {isa = PBXBuildFile; fileRef = CEEC198029BB8173000FF930 /* Colors+Extension.swift */; };
		CEEC198429BB831A000FF930 /* SnapKit in Frameworks */ = {isa = PBXBuildFile; productRef = CEEC198329BB831A000FF930 /* SnapKit */; };
		CEEC198A29BCF88D000FF930 /* Montserrat-Italic-VariableFont_wght.ttf in Resources */ = {isa = PBXBuildFile; fileRef = CEEC198929BCF88D000FF930 /* Montserrat-Italic-VariableFont_wght.ttf */; };
		CEEC198C29BCF897000FF930 /* Montserrat-VariableFont_wght.ttf in Resources */ = {isa = PBXBuildFile; fileRef = CEEC198B29BCF897000FF930 /* Montserrat-VariableFont_wght.ttf */; };
		CEEC198F29BCF9CE000FF930 /* Fonts.swift in Sources */ = {isa = PBXBuildFile; fileRef = CEEC198E29BCF9CE000FF930 /* Fonts.swift */; };
		CEEC199329BCFE3C000FF930 /* SignInView.swift in Sources */ = {isa = PBXBuildFile; fileRef = CEEC199229BCFE3B000FF930 /* SignInView.swift */; };
		CEEC199529BCFE48000FF930 /* SignInViewController.swift in Sources */ = {isa = PBXBuildFile; fileRef = CEEC199429BCFE48000FF930 /* SignInViewController.swift */; };
		CEEC199729BD0459000FF930 /* UIButton+Extension.swift in Sources */ = {isa = PBXBuildFile; fileRef = CEEC199629BD0459000FF930 /* UIButton+Extension.swift */; };
		CEEC199929BD08BF000FF930 /* SignInWithView.swift in Sources */ = {isa = PBXBuildFile; fileRef = CEEC199829BD08BF000FF930 /* SignInWithView.swift */; };
		CEEC199E29BF50D7000FF930 /* ProfileView.swift in Sources */ = {isa = PBXBuildFile; fileRef = CEEC199D29BF50D7000FF930 /* ProfileView.swift */; };
		CEEC19A029BF50E6000FF930 /* ProfileViewController.swift in Sources */ = {isa = PBXBuildFile; fileRef = CEEC199F29BF50E6000FF930 /* ProfileViewController.swift */; };
		CEEC19A229BF5164000FF930 /* ProfileCell.swift in Sources */ = {isa = PBXBuildFile; fileRef = CEEC19A129BF5164000FF930 /* ProfileCell.swift */; };
		F1CC7F0B29C766B2008D686C /* Protocols.swift in Sources */ = {isa = PBXBuildFile; fileRef = F1CC7F0A29C766B2008D686C /* Protocols.swift */; };
		F1CC7F0E29C7693A008D686C /* SoonView.swift in Sources */ = {isa = PBXBuildFile; fileRef = F1CC7F0D29C7693A008D686C /* SoonView.swift */; };
		F1D6ED5B29C742FC009957A5 /* Kingfisher in Frameworks */ = {isa = PBXBuildFile; productRef = F1D6ED5A29C742FC009957A5 /* Kingfisher */; };
		F1D6ED5E29C744F8009957A5 /* Moya in Frameworks */ = {isa = PBXBuildFile; productRef = F1D6ED5D29C744F8009957A5 /* Moya */; };
		F1D6ED6229C745CB009957A5 /* BaseNetworkTarget.swift in Sources */ = {isa = PBXBuildFile; fileRef = F1D6ED6129C745CB009957A5 /* BaseNetworkTarget.swift */; };
		F1D6ED6429C745ED009957A5 /* ProductsAPI.swift in Sources */ = {isa = PBXBuildFile; fileRef = F1D6ED6329C745ED009957A5 /* ProductsAPI.swift */; };
		F1D6ED6629C745F7009957A5 /* ProductsProtocol.swift in Sources */ = {isa = PBXBuildFile; fileRef = F1D6ED6529C745F7009957A5 /* ProductsProtocol.swift */; };
		F1D6ED6829C745FC009957A5 /* ProductsService.swift in Sources */ = {isa = PBXBuildFile; fileRef = F1D6ED6729C745FC009957A5 /* ProductsService.swift */; };
/* End PBXBuildFile section */

/* Begin PBXFileReference section */
		CE13E45829C4FC5800913CC2 /* ProductCategoriesCollectionViewModel.swift */ = {isa = PBXFileReference; lastKnownFileType = sourcecode.swift; path = ProductCategoriesCollectionViewModel.swift; sourceTree = "<group>"; };
		CE13E45A29C5011700913CC2 /* SaleProductsCollectionViewCell.swift */ = {isa = PBXFileReference; lastKnownFileType = sourcecode.swift; path = SaleProductsCollectionViewCell.swift; sourceTree = "<group>"; };
		CE13E45C29C50BE200913CC2 /* LatestDeals.swift */ = {isa = PBXFileReference; lastKnownFileType = sourcecode.swift; path = LatestDeals.swift; sourceTree = "<group>"; };
		CE13E45E29C50BEE00913CC2 /* SaleProducts.swift */ = {isa = PBXFileReference; lastKnownFileType = sourcecode.swift; path = SaleProducts.swift; sourceTree = "<group>"; };
		CE13E46429C8D75400913CC2 /* Router.swift */ = {isa = PBXFileReference; fileEncoding = 4; lastKnownFileType = sourcecode.swift; path = Router.swift; sourceTree = "<group>"; };
		CE13E46B29C9B41F00913CC2 /* User.swift */ = {isa = PBXFileReference; lastKnownFileType = sourcecode.swift; path = User.swift; sourceTree = "<group>"; };
		CE13E46D29C9B68100913CC2 /* UserManager.swift */ = {isa = PBXFileReference; lastKnownFileType = sourcecode.swift; path = UserManager.swift; sourceTree = "<group>"; };
		CE81ECF729C9F91500A1AB42 /* String+Extension.swift */ = {isa = PBXFileReference; lastKnownFileType = sourcecode.swift; path = "String+Extension.swift"; sourceTree = "<group>"; };
		CE81ECF929C9FBD000A1AB42 /* UIViewController+Extension.swift */ = {isa = PBXFileReference; lastKnownFileType = sourcecode.swift; path = "UIViewController+Extension.swift"; sourceTree = "<group>"; };
		CE81ECFB29CAE1D600A1AB42 /* SearchBarView.swift */ = {isa = PBXFileReference; lastKnownFileType = sourcecode.swift; path = SearchBarView.swift; sourceTree = "<group>"; };
		CE81ECFD29CAE83D00A1AB42 /* HomeNavigationBarRightItem.swift */ = {isa = PBXFileReference; lastKnownFileType = sourcecode.swift; path = HomeNavigationBarRightItem.swift; sourceTree = "<group>"; };
		CE81ED0129CB461600A1AB42 /* HomeCustomNavigationBar.swift */ = {isa = PBXFileReference; lastKnownFileType = sourcecode.swift; path = HomeCustomNavigationBar.swift; sourceTree = "<group>"; };
		CEE56BAD29C0BE1D00A9C92E /* UITableView+Extension.swift */ = {isa = PBXFileReference; lastKnownFileType = sourcecode.swift; path = "UITableView+Extension.swift"; sourceTree = "<group>"; };
		CEE56BAF29C1C6BE00A9C92E /* TabBarController.swift */ = {isa = PBXFileReference; lastKnownFileType = sourcecode.swift; path = TabBarController.swift; sourceTree = "<group>"; };
		CEE56BB229C1CB0B00A9C92E /* HomeViewController.swift */ = {isa = PBXFileReference; lastKnownFileType = sourcecode.swift; path = HomeViewController.swift; sourceTree = "<group>"; };
		CEE56BB429C1CED000A9C92E /* SoonViewControllers.swift */ = {isa = PBXFileReference; lastKnownFileType = sourcecode.swift; path = SoonViewControllers.swift; sourceTree = "<group>"; };
		CEE56BB929C304DD00A9C92E /* ProfileItemsViewModel.swift */ = {isa = PBXFileReference; lastKnownFileType = sourcecode.swift; path = ProfileItemsViewModel.swift; sourceTree = "<group>"; };
		CEE56BBE29C34D6900A9C92E /* BlueButton .swift */ = {isa = PBXFileReference; lastKnownFileType = sourcecode.swift; path = "BlueButton .swift"; sourceTree = "<group>"; };
		CEE56BC029C3543E00A9C92E /* NavigationController.swift */ = {isa = PBXFileReference; lastKnownFileType = sourcecode.swift; path = NavigationController.swift; sourceTree = "<group>"; };
		CEE56BC229C355F800A9C92E /* HomeView.swift */ = {isa = PBXFileReference; lastKnownFileType = sourcecode.swift; path = HomeView.swift; sourceTree = "<group>"; };
		CEE56BC429C356BD00A9C92E /* LatestProductsCollectionViewCell.swift */ = {isa = PBXFileReference; lastKnownFileType = sourcecode.swift; path = LatestProductsCollectionViewCell.swift; sourceTree = "<group>"; };
		CEE56BC629C47F9D00A9C92E /* ProductCategoryView.swift */ = {isa = PBXFileReference; lastKnownFileType = sourcecode.swift; path = ProductCategoryView.swift; sourceTree = "<group>"; };
		CEE56BC929C4983800A9C92E /* ProductCategoriesCollectionViewCell.swift */ = {isa = PBXFileReference; lastKnownFileType = sourcecode.swift; path = ProductCategoriesCollectionViewCell.swift; sourceTree = "<group>"; };
		CEE56BCB29C4CB0500A9C92E /* UICollectionView+Extension.swift */ = {isa = PBXFileReference; lastKnownFileType = sourcecode.swift; path = "UICollectionView+Extension.swift"; sourceTree = "<group>"; };
		CEEC196329BB6BA9000FF930 /* onlineShop_TestTask.app */ = {isa = PBXFileReference; explicitFileType = wrapper.application; includeInIndex = 0; path = onlineShop_TestTask.app; sourceTree = BUILT_PRODUCTS_DIR; };
		CEEC196629BB6BA9000FF930 /* AppDelegate.swift */ = {isa = PBXFileReference; lastKnownFileType = sourcecode.swift; path = AppDelegate.swift; sourceTree = "<group>"; };
		CEEC196F29BB6BB0000FF930 /* Assets.xcassets */ = {isa = PBXFileReference; lastKnownFileType = folder.assetcatalog; path = Assets.xcassets; sourceTree = "<group>"; };
		CEEC197229BB6BB0000FF930 /* Base */ = {isa = PBXFileReference; lastKnownFileType = file.storyboard; name = Base; path = Base.lproj/LaunchScreen.storyboard; sourceTree = "<group>"; };
		CEEC197429BB6BB0000FF930 /* Info.plist */ = {isa = PBXFileReference; lastKnownFileType = text.plist.xml; path = Info.plist; sourceTree = "<group>"; };
		CEEC197A29BB73D6000FF930 /* LogInViewController.swift */ = {isa = PBXFileReference; lastKnownFileType = sourcecode.swift; path = LogInViewController.swift; sourceTree = "<group>"; };
		CEEC197C29BB7AAA000FF930 /* LogInView.swift */ = {isa = PBXFileReference; lastKnownFileType = sourcecode.swift; path = LogInView.swift; sourceTree = "<group>"; };
		CEEC197E29BB7D0A000FF930 /* TextFieldView.swift */ = {isa = PBXFileReference; lastKnownFileType = sourcecode.swift; path = TextFieldView.swift; sourceTree = "<group>"; };
		CEEC198029BB8173000FF930 /* Colors+Extension.swift */ = {isa = PBXFileReference; lastKnownFileType = sourcecode.swift; path = "Colors+Extension.swift"; sourceTree = "<group>"; };
		CEEC198929BCF88D000FF930 /* Montserrat-Italic-VariableFont_wght.ttf */ = {isa = PBXFileReference; lastKnownFileType = file; path = "Montserrat-Italic-VariableFont_wght.ttf"; sourceTree = "<group>"; };
		CEEC198B29BCF897000FF930 /* Montserrat-VariableFont_wght.ttf */ = {isa = PBXFileReference; lastKnownFileType = file; path = "Montserrat-VariableFont_wght.ttf"; sourceTree = "<group>"; };
		CEEC198E29BCF9CE000FF930 /* Fonts.swift */ = {isa = PBXFileReference; lastKnownFileType = sourcecode.swift; path = Fonts.swift; sourceTree = "<group>"; };
		CEEC199229BCFE3B000FF930 /* SignInView.swift */ = {isa = PBXFileReference; lastKnownFileType = sourcecode.swift; path = SignInView.swift; sourceTree = "<group>"; };
		CEEC199429BCFE48000FF930 /* SignInViewController.swift */ = {isa = PBXFileReference; lastKnownFileType = sourcecode.swift; path = SignInViewController.swift; sourceTree = "<group>"; };
		CEEC199629BD0459000FF930 /* UIButton+Extension.swift */ = {isa = PBXFileReference; lastKnownFileType = sourcecode.swift; path = "UIButton+Extension.swift"; sourceTree = "<group>"; };
		CEEC199829BD08BF000FF930 /* SignInWithView.swift */ = {isa = PBXFileReference; lastKnownFileType = sourcecode.swift; path = SignInWithView.swift; sourceTree = "<group>"; };
		CEEC199D29BF50D7000FF930 /* ProfileView.swift */ = {isa = PBXFileReference; lastKnownFileType = sourcecode.swift; path = ProfileView.swift; sourceTree = "<group>"; };
		CEEC199F29BF50E6000FF930 /* ProfileViewController.swift */ = {isa = PBXFileReference; lastKnownFileType = sourcecode.swift; path = ProfileViewController.swift; sourceTree = "<group>"; };
		CEEC19A129BF5164000FF930 /* ProfileCell.swift */ = {isa = PBXFileReference; lastKnownFileType = sourcecode.swift; path = ProfileCell.swift; sourceTree = "<group>"; };
		F1CC7F0A29C766B2008D686C /* Protocols.swift */ = {isa = PBXFileReference; lastKnownFileType = sourcecode.swift; path = Protocols.swift; sourceTree = "<group>"; };
		F1CC7F0D29C7693A008D686C /* SoonView.swift */ = {isa = PBXFileReference; lastKnownFileType = sourcecode.swift; path = SoonView.swift; sourceTree = "<group>"; };
		F1D6ED6129C745CB009957A5 /* BaseNetworkTarget.swift */ = {isa = PBXFileReference; lastKnownFileType = sourcecode.swift; path = BaseNetworkTarget.swift; sourceTree = "<group>"; };
		F1D6ED6329C745ED009957A5 /* ProductsAPI.swift */ = {isa = PBXFileReference; lastKnownFileType = sourcecode.swift; path = ProductsAPI.swift; sourceTree = "<group>"; };
		F1D6ED6529C745F7009957A5 /* ProductsProtocol.swift */ = {isa = PBXFileReference; lastKnownFileType = sourcecode.swift; path = ProductsProtocol.swift; sourceTree = "<group>"; };
		F1D6ED6729C745FC009957A5 /* ProductsService.swift */ = {isa = PBXFileReference; lastKnownFileType = sourcecode.swift; path = ProductsService.swift; sourceTree = "<group>"; };
/* End PBXFileReference section */

/* Begin PBXFrameworksBuildPhase section */
		CEEC196029BB6BA9000FF930 /* Frameworks */ = {
			isa = PBXFrameworksBuildPhase;
			buildActionMask = 2147483647;
			files = (
				F1D6ED5B29C742FC009957A5 /* Kingfisher in Frameworks */,
				CEEC198429BB831A000FF930 /* SnapKit in Frameworks */,
				CE13E46829C9B35700913CC2 /* Realm in Frameworks */,
				CE13E46A29C9B35700913CC2 /* RealmSwift in Frameworks */,
				F1D6ED5E29C744F8009957A5 /* Moya in Frameworks */,
			);
			runOnlyForDeploymentPostprocessing = 0;
		};
/* End PBXFrameworksBuildPhase section */

/* Begin PBXGroup section */
		CEE56BB129C1CAF100A9C92E /* Home */ = {
			isa = PBXGroup;
			children = (
				CEE56BB229C1CB0B00A9C92E /* HomeViewController.swift */,
				CEE56BC229C355F800A9C92E /* HomeView.swift */,
				CEE56BC829C4980600A9C92E /* ProductItems */,
				CE13E45829C4FC5800913CC2 /* ProductCategoriesCollectionViewModel.swift */,
			);
			path = Home;
			sourceTree = "<group>";
		};
		CEE56BB829C304AE00A9C92E /* Model */ = {
			isa = PBXGroup;
			children = (
				CE13E45C29C50BE200913CC2 /* LatestDeals.swift */,
				CE13E45E29C50BEE00913CC2 /* SaleProducts.swift */,
				CE13E46B29C9B41F00913CC2 /* User.swift */,
			);
			path = Model;
			sourceTree = "<group>";
		};
		CEE56BC829C4980600A9C92E /* ProductItems */ = {
			isa = PBXGroup;
			children = (
				CEE56BC929C4983800A9C92E /* ProductCategoriesCollectionViewCell.swift */,
				CE13E45A29C5011700913CC2 /* SaleProductsCollectionViewCell.swift */,
				CEE56BC429C356BD00A9C92E /* LatestProductsCollectionViewCell.swift */,
			);
			path = ProductItems;
			sourceTree = "<group>";
		};
		CEEC195A29BB6BA9000FF930 = {
			isa = PBXGroup;
			children = (
				CEEC196529BB6BA9000FF930 /* onlineShop_TestTask */,
				CEEC196429BB6BA9000FF930 /* Products */,
			);
			sourceTree = "<group>";
		};
		CEEC196429BB6BA9000FF930 /* Products */ = {
			isa = PBXGroup;
			children = (
				CEEC196329BB6BA9000FF930 /* onlineShop_TestTask.app */,
			);
			name = Products;
			sourceTree = "<group>";
		};
		CEEC196529BB6BA9000FF930 /* onlineShop_TestTask */ = {
			isa = PBXGroup;
			children = (
				F1D6ED5F29C745A8009957A5 /* BusinessLogic */,
				F1D6ED5829C73E69009957A5 /* Presentation */,
				CEEC198629BCECC7000FF930 /* Helpers */,
				CEEC198529BCECA7000FF930 /* UIElements */,
				CEE56BB829C304AE00A9C92E /* Model */,
				CEEC196F29BB6BB0000FF930 /* Assets.xcassets */,
				F1CC7F0929C766A1008D686C /* Protocols */,
				CE13E46429C8D75400913CC2 /* Router.swift */,
				CE13E46D29C9B68100913CC2 /* UserManager.swift */,
				CEEC196629BB6BA9000FF930 /* AppDelegate.swift */,
				CEEC197129BB6BB0000FF930 /* LaunchScreen.storyboard */,
				CEEC197429BB6BB0000FF930 /* Info.plist */,
			);
			path = onlineShop_TestTask;
			sourceTree = "<group>";
		};
		CEEC198529BCECA7000FF930 /* UIElements */ = {
			isa = PBXGroup;
			children = (
				CEEC197E29BB7D0A000FF930 /* TextFieldView.swift */,
				CEE56BC629C47F9D00A9C92E /* ProductCategoryView.swift */,
				CEE56BAF29C1C6BE00A9C92E /* TabBarController.swift */,
				CEEC199829BD08BF000FF930 /* SignInWithView.swift */,
				CE81ECFB29CAE1D600A1AB42 /* SearchBarView.swift */,
				CE81ECFD29CAE83D00A1AB42 /* HomeNavigationBarRightItem.swift */,
				CE81ED0129CB461600A1AB42 /* HomeCustomNavigationBar.swift */,
				CEE56BBE29C34D6900A9C92E /* BlueButton .swift */,
				CEE56BC029C3543E00A9C92E /* NavigationController.swift */,
			);
			path = UIElements;
			sourceTree = "<group>";
		};
		CEEC198629BCECC7000FF930 /* Helpers */ = {
			isa = PBXGroup;
			children = (
				CEEC198829BCF729000FF930 /* Fonts */,
				CEEC198D29BCF9B4000FF930 /* Constants */,
				CEEC198729BCECD6000FF930 /* Extensions */,
			);
			path = Helpers;
			sourceTree = "<group>";
		};
		CEEC198729BCECD6000FF930 /* Extensions */ = {
			isa = PBXGroup;
			children = (
				CEEC198029BB8173000FF930 /* Colors+Extension.swift */,
				CE81ECF729C9F91500A1AB42 /* String+Extension.swift */,
				CEE56BAD29C0BE1D00A9C92E /* UITableView+Extension.swift */,
				CEE56BCB29C4CB0500A9C92E /* UICollectionView+Extension.swift */,
				CEEC199629BD0459000FF930 /* UIButton+Extension.swift */,
				CE81ECF929C9FBD000A1AB42 /* UIViewController+Extension.swift */,
			);
			path = Extensions;
			sourceTree = "<group>";
		};
		CEEC198829BCF729000FF930 /* Fonts */ = {
			isa = PBXGroup;
			children = (
				CEEC198929BCF88D000FF930 /* Montserrat-Italic-VariableFont_wght.ttf */,
				CEEC198B29BCF897000FF930 /* Montserrat-VariableFont_wght.ttf */,
			);
			path = Fonts;
			sourceTree = "<group>";
		};
		CEEC198D29BCF9B4000FF930 /* Constants */ = {
			isa = PBXGroup;
			children = (
				CEEC198E29BCF9CE000FF930 /* Fonts.swift */,
			);
			path = Constants;
			sourceTree = "<group>";
		};
		CEEC199029BCFE0B000FF930 /* LogIn */ = {
			isa = PBXGroup;
			children = (
				CEEC197A29BB73D6000FF930 /* LogInViewController.swift */,
				CEEC197C29BB7AAA000FF930 /* LogInView.swift */,
			);
			path = LogIn;
			sourceTree = "<group>";
		};
		CEEC199129BCFE16000FF930 /* SignIn */ = {
			isa = PBXGroup;
			children = (
				CEEC199229BCFE3B000FF930 /* SignInView.swift */,
				CEEC199429BCFE48000FF930 /* SignInViewController.swift */,
			);
			path = SignIn;
			sourceTree = "<group>";
		};
		CEEC199C29BF508B000FF930 /* Profile */ = {
			isa = PBXGroup;
			children = (
				CEEC199D29BF50D7000FF930 /* ProfileView.swift */,
				CEEC199F29BF50E6000FF930 /* ProfileViewController.swift */,
				CEE56BB929C304DD00A9C92E /* ProfileItemsViewModel.swift */,
				CEEC19A129BF5164000FF930 /* ProfileCell.swift */,
			);
			path = Profile;
			sourceTree = "<group>";
		};
		F1CC7F0929C766A1008D686C /* Protocols */ = {
			isa = PBXGroup;
			children = (
				F1CC7F0A29C766B2008D686C /* Protocols.swift */,
			);
			path = Protocols;
			sourceTree = "<group>";
		};
		F1CC7F0C29C76925008D686C /* Soon */ = {
			isa = PBXGroup;
			children = (
				CEE56BB429C1CED000A9C92E /* SoonViewControllers.swift */,
				F1CC7F0D29C7693A008D686C /* SoonView.swift */,
			);
			path = Soon;
			sourceTree = "<group>";
		};
		F1D6ED5829C73E69009957A5 /* Presentation */ = {
			isa = PBXGroup;
			children = (
				F1CC7F0C29C76925008D686C /* Soon */,
				CEE56BB129C1CAF100A9C92E /* Home */,
				CEEC199C29BF508B000FF930 /* Profile */,
				CEEC199029BCFE0B000FF930 /* LogIn */,
				CEEC199129BCFE16000FF930 /* SignIn */,
			);
			path = Presentation;
			sourceTree = "<group>";
		};
		F1D6ED5F29C745A8009957A5 /* BusinessLogic */ = {
			isa = PBXGroup;
			children = (
				F1D6ED6029C745AF009957A5 /* Network Layer */,
			);
			path = BusinessLogic;
			sourceTree = "<group>";
		};
		F1D6ED6029C745AF009957A5 /* Network Layer */ = {
			isa = PBXGroup;
			children = (
				F1D6ED6129C745CB009957A5 /* BaseNetworkTarget.swift */,
				F1D6ED6329C745ED009957A5 /* ProductsAPI.swift */,
				F1D6ED6529C745F7009957A5 /* ProductsProtocol.swift */,
				F1D6ED6729C745FC009957A5 /* ProductsService.swift */,
			);
			path = "Network Layer";
			sourceTree = "<group>";
		};
/* End PBXGroup section */

/* Begin PBXNativeTarget section */
		CEEC196229BB6BA9000FF930 /* onlineShop_TestTask */ = {
			isa = PBXNativeTarget;
			buildConfigurationList = CEEC197729BB6BB0000FF930 /* Build configuration list for PBXNativeTarget "onlineShop_TestTask" */;
			buildPhases = (
				CEEC195F29BB6BA9000FF930 /* Sources */,
				CEEC196029BB6BA9000FF930 /* Frameworks */,
				CEEC196129BB6BA9000FF930 /* Resources */,
				CEE56BB629C2194400A9C92E /* SwiftFormat */,
				CEE56BBD29C34A3300A9C92E /* SwiftLint */,
			);
			buildRules = (
			);
			dependencies = (
			);
			name = onlineShop_TestTask;
			packageProductDependencies = (
				CEEC198329BB831A000FF930 /* SnapKit */,
				F1D6ED5A29C742FC009957A5 /* Kingfisher */,
				F1D6ED5D29C744F8009957A5 /* Moya */,
				CE13E46729C9B35700913CC2 /* Realm */,
				CE13E46929C9B35700913CC2 /* RealmSwift */,
			);
			productName = onlineShop_TestTask;
			productReference = CEEC196329BB6BA9000FF930 /* onlineShop_TestTask.app */;
			productType = "com.apple.product-type.application";
		};
/* End PBXNativeTarget section */

/* Begin PBXProject section */
		CEEC195B29BB6BA9000FF930 /* Project object */ = {
			isa = PBXProject;
			attributes = {
				BuildIndependentTargetsInParallel = 1;
				LastSwiftUpdateCheck = 1420;
				LastUpgradeCheck = 1420;
				TargetAttributes = {
					CEEC196229BB6BA9000FF930 = {
						CreatedOnToolsVersion = 14.2;
					};
				};
			};
			buildConfigurationList = CEEC195E29BB6BA9000FF930 /* Build configuration list for PBXProject "onlineShop_TestTask" */;
			compatibilityVersion = "Xcode 14.0";
			developmentRegion = en;
			hasScannedForEncodings = 0;
			knownRegions = (
				en,
				Base,
			);
			mainGroup = CEEC195A29BB6BA9000FF930;
			packageReferences = (
				CEEC198229BB831A000FF930 /* XCRemoteSwiftPackageReference "SnapKit" */,
				F1D6ED5929C742FC009957A5 /* XCRemoteSwiftPackageReference "Kingfisher" */,
				F1D6ED5C29C744F8009957A5 /* XCRemoteSwiftPackageReference "Moya" */,
				CE13E46629C9B35700913CC2 /* XCRemoteSwiftPackageReference "realm-swift" */,
			);
			productRefGroup = CEEC196429BB6BA9000FF930 /* Products */;
			projectDirPath = "";
			projectRoot = "";
			targets = (
				CEEC196229BB6BA9000FF930 /* onlineShop_TestTask */,
			);
		};
/* End PBXProject section */

/* Begin PBXResourcesBuildPhase section */
		CEEC196129BB6BA9000FF930 /* Resources */ = {
			isa = PBXResourcesBuildPhase;
			buildActionMask = 2147483647;
			files = (
				CEEC198C29BCF897000FF930 /* Montserrat-VariableFont_wght.ttf in Resources */,
				CEEC197329BB6BB0000FF930 /* LaunchScreen.storyboard in Resources */,
				CEEC198A29BCF88D000FF930 /* Montserrat-Italic-VariableFont_wght.ttf in Resources */,
				CEEC197029BB6BB0000FF930 /* Assets.xcassets in Resources */,
			);
			runOnlyForDeploymentPostprocessing = 0;
		};
/* End PBXResourcesBuildPhase section */

/* Begin PBXShellScriptBuildPhase section */
		CEE56BB629C2194400A9C92E /* SwiftFormat */ = {
			isa = PBXShellScriptBuildPhase;
			alwaysOutOfDate = 1;
			buildActionMask = 2147483647;
			files = (
			);
			inputFileListPaths = (
			);
			inputPaths = (
			);
			name = SwiftFormat;
			outputFileListPaths = (
			);
			outputPaths = (
			);
			runOnlyForDeploymentPostprocessing = 0;
			shellPath = /bin/sh;
			shellScript = "if which swiftformat >/dev/null; then\n  swiftformat .\nelse\n  echo \"warning: SwiftFormat not installed, download from https://github.com/nicklockwood/SwiftFormat\"\nfi\n";
		};
		CEE56BBD29C34A3300A9C92E /* SwiftLint */ = {
			isa = PBXShellScriptBuildPhase;
			alwaysOutOfDate = 1;
			buildActionMask = 2147483647;
			files = (
			);
			inputFileListPaths = (
			);
			inputPaths = (
			);
			name = SwiftLint;
			outputFileListPaths = (
			);
			outputPaths = (
			);
			runOnlyForDeploymentPostprocessing = 0;
			shellPath = /bin/sh;
			shellScript = "export PATH=\"$PATH:/opt/homebrew/bin\"\nif which swiftlint > /dev/null; then\n  swiftlint\nelse\n  echo \"warning: SwiftLint not installed, download from https://github.com/realm/SwiftLint\"\nfi\n";
		};
/* End PBXShellScriptBuildPhase section */

/* Begin PBXSourcesBuildPhase section */
		CEEC195F29BB6BA9000FF930 /* Sources */ = {
			isa = PBXSourcesBuildPhase;
			buildActionMask = 2147483647;
			files = (
				CEEC197D29BB7AAA000FF930 /* LogInView.swift in Sources */,
				CEE56BB029C1C6BE00A9C92E /* TabBarController.swift in Sources */,
				CE13E46E29C9B68100913CC2 /* UserManager.swift in Sources */,
				F1CC7F0E29C7693A008D686C /* SoonView.swift in Sources */,
				CEE56BBA29C304DD00A9C92E /* ProfileItemsViewModel.swift in Sources */,
				CE13E45F29C50BEE00913CC2 /* SaleProducts.swift in Sources */,
				CEE56BB529C1CED000A9C92E /* SoonViewControllers.swift in Sources */,
				CEE56BB329C1CB0B00A9C92E /* HomeViewController.swift in Sources */,
				CE81ECFA29C9FBD000A1AB42 /* UIViewController+Extension.swift in Sources */,
				F1D6ED6229C745CB009957A5 /* BaseNetworkTarget.swift in Sources */,
				CEE56BC529C356BD00A9C92E /* LatestProductsCollectionViewCell.swift in Sources */,
				CEEC196729BB6BA9000FF930 /* AppDelegate.swift in Sources */,
				CEEC199929BD08BF000FF930 /* SignInWithView.swift in Sources */,
				CEEC199E29BF50D7000FF930 /* ProfileView.swift in Sources */,
				CEEC197F29BB7D0A000FF930 /* TextFieldView.swift in Sources */,
				F1D6ED6629C745F7009957A5 /* ProductsProtocol.swift in Sources */,
				CEEC197B29BB73D6000FF930 /* LogInViewController.swift in Sources */,
				CEEC198F29BCF9CE000FF930 /* Fonts.swift in Sources */,
				CE13E46529C8D75400913CC2 /* Router.swift in Sources */,
				F1CC7F0B29C766B2008D686C /* Protocols.swift in Sources */,
				CE81ECF829C9F91500A1AB42 /* String+Extension.swift in Sources */,
				CEEC199329BCFE3C000FF930 /* SignInView.swift in Sources */,
				CEEC199529BCFE48000FF930 /* SignInViewController.swift in Sources */,
				CE13E45929C4FC5800913CC2 /* ProductCategoriesCollectionViewModel.swift in Sources */,
				CEEC19A029BF50E6000FF930 /* ProfileViewController.swift in Sources */,
				CE13E45D29C50BE200913CC2 /* LatestDeals.swift in Sources */,
				CE13E46C29C9B41F00913CC2 /* User.swift in Sources */,
				CEE56BCC29C4CB0500A9C92E /* UICollectionView+Extension.swift in Sources */,
				CE13E45B29C5011700913CC2 /* SaleProductsCollectionViewCell.swift in Sources */,
				F1D6ED6829C745FC009957A5 /* ProductsService.swift in Sources */,
				CEEC198129BB8173000FF930 /* Colors+Extension.swift in Sources */,
				CE81ECFE29CAE83D00A1AB42 /* HomeNavigationBarRightItem.swift in Sources */,
				CE81ED0229CB461600A1AB42 /* HomeCustomNavigationBar.swift in Sources */,
				CEE56BC329C355F800A9C92E /* HomeView.swift in Sources */,
				CEE56BBF29C34D6900A9C92E /* BlueButton .swift in Sources */,
				CEE56BCA29C4983800A9C92E /* ProductCategoriesCollectionViewCell.swift in Sources */,
				CE81ECFC29CAE1D600A1AB42 /* SearchBarView.swift in Sources */,
				F1D6ED6429C745ED009957A5 /* ProductsAPI.swift in Sources */,
				CEE56BAE29C0BE1D00A9C92E /* UITableView+Extension.swift in Sources */,
				CEEC199729BD0459000FF930 /* UIButton+Extension.swift in Sources */,
				CEE56BC129C3543E00A9C92E /* NavigationController.swift in Sources */,
				CEEC19A229BF5164000FF930 /* ProfileCell.swift in Sources */,
				CEE56BC729C47F9D00A9C92E /* ProductCategoryView.swift in Sources */,
			);
			runOnlyForDeploymentPostprocessing = 0;
		};
/* End PBXSourcesBuildPhase section */

/* Begin PBXVariantGroup section */
		CEEC197129BB6BB0000FF930 /* LaunchScreen.storyboard */ = {
			isa = PBXVariantGroup;
			children = (
				CEEC197229BB6BB0000FF930 /* Base */,
			);
			name = LaunchScreen.storyboard;
			sourceTree = "<group>";
		};
/* End PBXVariantGroup section */

/* Begin XCBuildConfiguration section */
		CEEC197529BB6BB0000FF930 /* Debug */ = {
			isa = XCBuildConfiguration;
			buildSettings = {
				ALWAYS_SEARCH_USER_PATHS = NO;
				CLANG_ANALYZER_NONNULL = YES;
				CLANG_ANALYZER_NUMBER_OBJECT_CONVERSION = YES_AGGRESSIVE;
				CLANG_CXX_LANGUAGE_STANDARD = "gnu++20";
				CLANG_ENABLE_MODULES = YES;
				CLANG_ENABLE_OBJC_ARC = YES;
				CLANG_ENABLE_OBJC_WEAK = YES;
				CLANG_WARN_BLOCK_CAPTURE_AUTORELEASING = YES;
				CLANG_WARN_BOOL_CONVERSION = YES;
				CLANG_WARN_COMMA = YES;
				CLANG_WARN_CONSTANT_CONVERSION = YES;
				CLANG_WARN_DEPRECATED_OBJC_IMPLEMENTATIONS = YES;
				CLANG_WARN_DIRECT_OBJC_ISA_USAGE = YES_ERROR;
				CLANG_WARN_DOCUMENTATION_COMMENTS = YES;
				CLANG_WARN_EMPTY_BODY = YES;
				CLANG_WARN_ENUM_CONVERSION = YES;
				CLANG_WARN_INFINITE_RECURSION = YES;
				CLANG_WARN_INT_CONVERSION = YES;
				CLANG_WARN_NON_LITERAL_NULL_CONVERSION = YES;
				CLANG_WARN_OBJC_IMPLICIT_RETAIN_SELF = YES;
				CLANG_WARN_OBJC_LITERAL_CONVERSION = YES;
				CLANG_WARN_OBJC_ROOT_CLASS = YES_ERROR;
				CLANG_WARN_QUOTED_INCLUDE_IN_FRAMEWORK_HEADER = YES;
				CLANG_WARN_RANGE_LOOP_ANALYSIS = YES;
				CLANG_WARN_STRICT_PROTOTYPES = YES;
				CLANG_WARN_SUSPICIOUS_MOVE = YES;
				CLANG_WARN_UNGUARDED_AVAILABILITY = YES_AGGRESSIVE;
				CLANG_WARN_UNREACHABLE_CODE = YES;
				CLANG_WARN__DUPLICATE_METHOD_MATCH = YES;
				COPY_PHASE_STRIP = NO;
				DEBUG_INFORMATION_FORMAT = dwarf;
				ENABLE_STRICT_OBJC_MSGSEND = YES;
				ENABLE_TESTABILITY = YES;
				GCC_C_LANGUAGE_STANDARD = gnu11;
				GCC_DYNAMIC_NO_PIC = NO;
				GCC_NO_COMMON_BLOCKS = YES;
				GCC_OPTIMIZATION_LEVEL = 0;
				GCC_PREPROCESSOR_DEFINITIONS = (
					"DEBUG=1",
					"$(inherited)",
				);
				GCC_WARN_64_TO_32_BIT_CONVERSION = YES;
				GCC_WARN_ABOUT_RETURN_TYPE = YES_ERROR;
				GCC_WARN_UNDECLARED_SELECTOR = YES;
				GCC_WARN_UNINITIALIZED_AUTOS = YES_AGGRESSIVE;
				GCC_WARN_UNUSED_FUNCTION = YES;
				GCC_WARN_UNUSED_VARIABLE = YES;
				IPHONEOS_DEPLOYMENT_TARGET = 16.2;
				MTL_ENABLE_DEBUG_INFO = INCLUDE_SOURCE;
				MTL_FAST_MATH = YES;
				ONLY_ACTIVE_ARCH = YES;
				SDKROOT = iphoneos;
				SWIFT_ACTIVE_COMPILATION_CONDITIONS = DEBUG;
				SWIFT_OPTIMIZATION_LEVEL = "-Onone";
			};
			name = Debug;
		};
		CEEC197629BB6BB0000FF930 /* Release */ = {
			isa = XCBuildConfiguration;
			buildSettings = {
				ALWAYS_SEARCH_USER_PATHS = NO;
				CLANG_ANALYZER_NONNULL = YES;
				CLANG_ANALYZER_NUMBER_OBJECT_CONVERSION = YES_AGGRESSIVE;
				CLANG_CXX_LANGUAGE_STANDARD = "gnu++20";
				CLANG_ENABLE_MODULES = YES;
				CLANG_ENABLE_OBJC_ARC = YES;
				CLANG_ENABLE_OBJC_WEAK = YES;
				CLANG_WARN_BLOCK_CAPTURE_AUTORELEASING = YES;
				CLANG_WARN_BOOL_CONVERSION = YES;
				CLANG_WARN_COMMA = YES;
				CLANG_WARN_CONSTANT_CONVERSION = YES;
				CLANG_WARN_DEPRECATED_OBJC_IMPLEMENTATIONS = YES;
				CLANG_WARN_DIRECT_OBJC_ISA_USAGE = YES_ERROR;
				CLANG_WARN_DOCUMENTATION_COMMENTS = YES;
				CLANG_WARN_EMPTY_BODY = YES;
				CLANG_WARN_ENUM_CONVERSION = YES;
				CLANG_WARN_INFINITE_RECURSION = YES;
				CLANG_WARN_INT_CONVERSION = YES;
				CLANG_WARN_NON_LITERAL_NULL_CONVERSION = YES;
				CLANG_WARN_OBJC_IMPLICIT_RETAIN_SELF = YES;
				CLANG_WARN_OBJC_LITERAL_CONVERSION = YES;
				CLANG_WARN_OBJC_ROOT_CLASS = YES_ERROR;
				CLANG_WARN_QUOTED_INCLUDE_IN_FRAMEWORK_HEADER = YES;
				CLANG_WARN_RANGE_LOOP_ANALYSIS = YES;
				CLANG_WARN_STRICT_PROTOTYPES = YES;
				CLANG_WARN_SUSPICIOUS_MOVE = YES;
				CLANG_WARN_UNGUARDED_AVAILABILITY = YES_AGGRESSIVE;
				CLANG_WARN_UNREACHABLE_CODE = YES;
				CLANG_WARN__DUPLICATE_METHOD_MATCH = YES;
				COPY_PHASE_STRIP = NO;
				DEBUG_INFORMATION_FORMAT = "dwarf-with-dsym";
				ENABLE_NS_ASSERTIONS = NO;
				ENABLE_STRICT_OBJC_MSGSEND = YES;
				GCC_C_LANGUAGE_STANDARD = gnu11;
				GCC_NO_COMMON_BLOCKS = YES;
				GCC_WARN_64_TO_32_BIT_CONVERSION = YES;
				GCC_WARN_ABOUT_RETURN_TYPE = YES_ERROR;
				GCC_WARN_UNDECLARED_SELECTOR = YES;
				GCC_WARN_UNINITIALIZED_AUTOS = YES_AGGRESSIVE;
				GCC_WARN_UNUSED_FUNCTION = YES;
				GCC_WARN_UNUSED_VARIABLE = YES;
				IPHONEOS_DEPLOYMENT_TARGET = 16.2;
				MTL_ENABLE_DEBUG_INFO = NO;
				MTL_FAST_MATH = YES;
				SDKROOT = iphoneos;
				SWIFT_COMPILATION_MODE = wholemodule;
				SWIFT_OPTIMIZATION_LEVEL = "-O";
				VALIDATE_PRODUCT = YES;
			};
			name = Release;
		};
		CEEC197829BB6BB0000FF930 /* Debug */ = {
			isa = XCBuildConfiguration;
			buildSettings = {
				ASSETCATALOG_COMPILER_APPICON_NAME = AppIcon;
				ASSETCATALOG_COMPILER_GLOBAL_ACCENT_COLOR_NAME = AccentColor;
				CODE_SIGN_STYLE = Automatic;
				CURRENT_PROJECT_VERSION = 1;
				DEVELOPMENT_TEAM = B7MDH9MJ6R;
				GENERATE_INFOPLIST_FILE = YES;
				INFOPLIST_FILE = onlineShop_TestTask/Info.plist;
				INFOPLIST_KEY_LSApplicationCategoryType = "";
				INFOPLIST_KEY_UIApplicationSupportsIndirectInputEvents = YES;
				INFOPLIST_KEY_UILaunchStoryboardName = LaunchScreen;
				INFOPLIST_KEY_UISupportedInterfaceOrientations_iPad = "UIInterfaceOrientationPortrait UIInterfaceOrientationPortraitUpsideDown UIInterfaceOrientationLandscapeLeft UIInterfaceOrientationLandscapeRight";
				INFOPLIST_KEY_UISupportedInterfaceOrientations_iPhone = "UIInterfaceOrientationPortrait UIInterfaceOrientationLandscapeLeft UIInterfaceOrientationLandscapeRight";
				LD_RUNPATH_SEARCH_PATHS = (
					"$(inherited)",
					"@executable_path/Frameworks",
				);
				MARKETING_VERSION = 1.0;
				PRODUCT_BUNDLE_IDENTIFIER = "com.zlataguseva.onlineShop-TestTask";
				PRODUCT_NAME = "$(TARGET_NAME)";
				SUPPORTED_PLATFORMS = "iphoneos iphonesimulator";
				SUPPORTS_MACCATALYST = NO;
				SUPPORTS_MAC_DESIGNED_FOR_IPHONE_IPAD = NO;
				SWIFT_EMIT_LOC_STRINGS = YES;
				SWIFT_VERSION = 5.0;
				TARGETED_DEVICE_FAMILY = 1;
			};
			name = Debug;
		};
		CEEC197929BB6BB0000FF930 /* Release */ = {
			isa = XCBuildConfiguration;
			buildSettings = {
				ASSETCATALOG_COMPILER_APPICON_NAME = AppIcon;
				ASSETCATALOG_COMPILER_GLOBAL_ACCENT_COLOR_NAME = AccentColor;
				CODE_SIGN_STYLE = Automatic;
				CURRENT_PROJECT_VERSION = 1;
				DEVELOPMENT_TEAM = B7MDH9MJ6R;
				GENERATE_INFOPLIST_FILE = YES;
				INFOPLIST_FILE = onlineShop_TestTask/Info.plist;
				INFOPLIST_KEY_LSApplicationCategoryType = "";
				INFOPLIST_KEY_UIApplicationSupportsIndirectInputEvents = YES;
				INFOPLIST_KEY_UILaunchStoryboardName = LaunchScreen;
				INFOPLIST_KEY_UISupportedInterfaceOrientations_iPad = "UIInterfaceOrientationPortrait UIInterfaceOrientationPortraitUpsideDown UIInterfaceOrientationLandscapeLeft UIInterfaceOrientationLandscapeRight";
				INFOPLIST_KEY_UISupportedInterfaceOrientations_iPhone = "UIInterfaceOrientationPortrait UIInterfaceOrientationLandscapeLeft UIInterfaceOrientationLandscapeRight";
				LD_RUNPATH_SEARCH_PATHS = (
					"$(inherited)",
					"@executable_path/Frameworks",
				);
				MARKETING_VERSION = 1.0;
				PRODUCT_BUNDLE_IDENTIFIER = "com.zlataguseva.onlineShop-TestTask";
				PRODUCT_NAME = "$(TARGET_NAME)";
				SUPPORTED_PLATFORMS = "iphoneos iphonesimulator";
				SUPPORTS_MACCATALYST = NO;
				SUPPORTS_MAC_DESIGNED_FOR_IPHONE_IPAD = NO;
				SWIFT_EMIT_LOC_STRINGS = YES;
				SWIFT_VERSION = 5.0;
				TARGETED_DEVICE_FAMILY = 1;
			};
			name = Release;
		};
/* End XCBuildConfiguration section */

/* Begin XCConfigurationList section */
		CEEC195E29BB6BA9000FF930 /* Build configuration list for PBXProject "onlineShop_TestTask" */ = {
			isa = XCConfigurationList;
			buildConfigurations = (
				CEEC197529BB6BB0000FF930 /* Debug */,
				CEEC197629BB6BB0000FF930 /* Release */,
			);
			defaultConfigurationIsVisible = 0;
			defaultConfigurationName = Release;
		};
		CEEC197729BB6BB0000FF930 /* Build configuration list for PBXNativeTarget "onlineShop_TestTask" */ = {
			isa = XCConfigurationList;
			buildConfigurations = (
				CEEC197829BB6BB0000FF930 /* Debug */,
				CEEC197929BB6BB0000FF930 /* Release */,
			);
			defaultConfigurationIsVisible = 0;
			defaultConfigurationName = Release;
		};
/* End XCConfigurationList section */

/* Begin XCRemoteSwiftPackageReference section */
		CE13E46629C9B35700913CC2 /* XCRemoteSwiftPackageReference "realm-swift" */ = {
			isa = XCRemoteSwiftPackageReference;
			repositoryURL = "https://github.com/realm/realm-swift.git";
			requirement = {
				branch = master;
				kind = branch;
			};
		};
		CEEC198229BB831A000FF930 /* XCRemoteSwiftPackageReference "SnapKit" */ = {
			isa = XCRemoteSwiftPackageReference;
			repositoryURL = "https://github.com/SnapKit/SnapKit";
			requirement = {
				branch = develop;
				kind = branch;
			};
		};
		F1D6ED5929C742FC009957A5 /* XCRemoteSwiftPackageReference "Kingfisher" */ = {
			isa = XCRemoteSwiftPackageReference;
			repositoryURL = "https://github.com/onevcat/Kingfisher.git";
			requirement = {
				kind = upToNextMajorVersion;
				minimumVersion = 7.0.0;
			};
		};
		F1D6ED5C29C744F8009957A5 /* XCRemoteSwiftPackageReference "Moya" */ = {
			isa = XCRemoteSwiftPackageReference;
			repositoryURL = "https://github.com/Moya/Moya.git";
			requirement = {
				kind = upToNextMajorVersion;
				minimumVersion = 15.0.0;
			};
		};
/* End XCRemoteSwiftPackageReference section */

/* Begin XCSwiftPackageProductDependency section */
		CE13E46729C9B35700913CC2 /* Realm */ = {
			isa = XCSwiftPackageProductDependency;
			package = CE13E46629C9B35700913CC2 /* XCRemoteSwiftPackageReference "realm-swift" */;
			productName = Realm;
		};
		CE13E46929C9B35700913CC2 /* RealmSwift */ = {
			isa = XCSwiftPackageProductDependency;
			package = CE13E46629C9B35700913CC2 /* XCRemoteSwiftPackageReference "realm-swift" */;
			productName = RealmSwift;
		};
		CEEC198329BB831A000FF930 /* SnapKit */ = {
			isa = XCSwiftPackageProductDependency;
			package = CEEC198229BB831A000FF930 /* XCRemoteSwiftPackageReference "SnapKit" */;
			productName = SnapKit;
		};
		F1D6ED5A29C742FC009957A5 /* Kingfisher */ = {
			isa = XCSwiftPackageProductDependency;
			package = F1D6ED5929C742FC009957A5 /* XCRemoteSwiftPackageReference "Kingfisher" */;
			productName = Kingfisher;
		};
		F1D6ED5D29C744F8009957A5 /* Moya */ = {
			isa = XCSwiftPackageProductDependency;
			package = F1D6ED5C29C744F8009957A5 /* XCRemoteSwiftPackageReference "Moya" */;
			productName = Moya;
		};
/* End XCSwiftPackageProductDependency section */
	};
	rootObject = CEEC195B29BB6BA9000FF930 /* Project object */;
}
